github.com/aymerick/raymond v2.0.2+incompatible h1:VEp3GpgdAnv9B2GFyTvqgcKvY+mfKMjPOA3SbKLtnU0=
github.com/aymerick/raymond v2.0.2+incompatible/go.mod h1:osfaiScAUVup+UC9Nfq76eWqDhXlp+4UYaA8uhTBO6g=
github.com/drone/drone-template-lib v0.0.0-20180401170447-5748d3149f48 h1:hP2l5isqaiJVvOUM8X/1WDNeeJKlVmM8I1B9aDNT/xw=
github.com/drone/drone-template-lib v0.0.0-20180401170447-5748d3149f48/go.mod h1:u34woe41m58Whrf21iH6z/xLOIRM3650LhWAyUc7Oik=
github.com/matrix-org/gomatrix v0.0.0-20171003113848-a7fc80c8060c h1:aZap604NyBGhAUE0CyNHz6+Pryye5A5mHnYyO4KPPW8=
github.com/matrix-org/gomatrix v0.0.0-20171003113848-a7fc80c8060c/go.mod h1:3fxX6gUjWyI/2Bt7J1OLhpCzOfO/bB3AiX0cJtEKud0=
github.com/microcosm-cc/bluemonday v1.0.0 h1:dr58SIfmOwOVr+m4Ye1xLWv8Dk9OFwXAtYnbJSmJ65k=
github.com/microcosm-cc/bluemonday v1.0.0/go.mod h1:hsXNsILzKxV+sX77C5b8FSuKF00vh2OMYv+xgHpAMF4=
github.com/pkg/errors v0.8.0 h1:WdK/asTD0HN+q6hsWO3/vpuAkAr+tw6aNJNDFFf0+qw=
github.com/pkg/errors v0.8.0/go.mod h1:bwawxfHBFNV+L2hUp1rHADufV3IMtnDRdf1r5NINEl0=
github.com/shurcooL/sanitized_anchor_name v0.0.0-20170918181015-86672fcb3f95 h1:/vdW8Cb7EXrkqWGufVMES1OH2sU9gKVb2n9/1y5NMBY=
github.com/shurcooL/sanitized_anchor_name v0.0.0-20170918181015-86672fcb3f95/go.mod h1:1NzhyTcUVG4SuEtjjoZeVRXNmyL/1OwPU0+IJeTBvfc=
github.com/urfave/cli v1.20.0 h1:fDqGv3UG/4jbVl/QkFwEdddtEDjh/5Ov6X+0B/3bPaw=
github.com/urfave/cli v1.20.0/go.mod h1:70zkFmudgCuE/ngEzBv17Jvp/497gISqfk5gWijbERA=
golang.org/x/net v0.0.0-20180801234040-f4c29de78a2a h1:8fCF9zjAir2SP3N+axz9xs+0r4V8dqPzqsWO10t8zoo=
golang.org/x/net v0.0.0-20180801234040-f4c29de78a2a/go.mod h1:mL1N/T3taQHkDXs73rZJwtUhF3w3ftmwwsq0BUmARs4=
gopkg.in/russross/blackfriday.v2 v2.0.0 h1:+FlnIV8DSQnT7NZ43hcVKcdJdzZoeCmJj4Ql8gq5keA=
gopkg.in/russross/blackfriday.v2 v2.0.0/go.mod h1:6sSBNz/GtOm/pJTuh5UmBK2ZHfmnxGbl2NZg1UliSOI=
