# This file is autogenerated, do not edit; changes may be undone by the next 'dep ensure'.


[[projects]]
  branch = "master"
  name = "github.com/matrix-org/gomatrix"
  packages = ["."]
  revision = "a7fc80c8060c2544fe5d4dae465b584f8e9b4e27"

[solve-meta]
  analyzer-name = "dep"
  analyzer-version = 1
  inputs-digest = "d631b7f46070377e77e160dda36075f4421695f6149e974427eafc8458012b3c"
  solver-name = "gps-cdcl"
  solver-version = 1
